{
  "version": 4,
  "terraform_version": "1.6.5",
  "serial": 1,
  "lineage": "38a19b4d-c71a-4f65-9230-d460ef6a285c",
  "outputs": {},
  "resources": [
    {
      "mode": "managed",
      "type": "vsphere_datacenter",
      "name": "test-dc",
      "provider": "provider[\"registry.terraform.io/hashicorp/vsphere\"]",
      "instances": [
        {
          "schema_version": 0,
          "attributes": {
            "custom_attributes": null,
            "folder": null,
            "id": "dc-test",
            "moid": "datacenter-20046",
            "name": "dc-test",
            "tags": null
          },
          "sensitive_attributes": [],
          "private": "bnVsbA=="
        }
      ]
    }
  ],
  "check_results": null
}
